Microsoft Visual Studio Solution File, Format Version 12.00
# Visual Studio Version 16
VisualStudioVersion = 16.0.29009.5
MinimumVisualStudioVersion = 10.0.40219.1
Project("{2150E333-8FDC-42A3-9474-1A3956D46DE8}") = ".paket", ".paket", "{FB06D972-6D76-4220-AD16-8E5F20DADAA6}"
	ProjectSection(SolutionItems) = preProject
		paket.dependencies = paket.dependencies
		paket.lock = paket.lock
		.paket\Paket.Restore.targets = .paket\Paket.Restore.targets
	EndProjectSection
EndProject
Project("{6EC3EE1D-3C4E-46DD-8F32-0CC8E7565705}") = "Argu", "src\Argu\Argu.fsproj", "{49E38CF1-8B37-4A4F-83CF-EAFE9577BCC6}"
EndProject
Project("{2150E333-8FDC-42A3-9474-1A3956D46DE8}") = "project", "project", "{AB909722-1B3F-46A1-9245-277905B1E346}"
	ProjectSection(SolutionItems) = preProject
		.dockerignore = .dockerignore
		.gitignore = .gitignore
		.travis.yml = .travis.yml
		appveyor.yml = appveyor.yml
		build.cmd = build.cmd
		build.fsx = build.fsx
		build.sh = build.sh
		Directory.Build.props = Directory.Build.props
		docker-build.sh = docker-build.sh
		Dockerfile = Dockerfile
		.config\dotnet-tools.json = .config\dotnet-tools.json
		License.md = License.md
		README.md = README.md
		RELEASE_NOTES.md = RELEASE_NOTES.md
	EndProjectSection
EndProject
Project("{2150E333-8FDC-42A3-9474-1A3956D46DE8}") = "docs", "docs", "{31C8F489-6FEC-4DE5-A247-8447D56B5C04}"
EndProject
Project("{2150E333-8FDC-42A3-9474-1A3956D46DE8}") = "content", "content", "{036AEA2A-4F01-4834-A345-B7C6D27754FB}"
	ProjectSection(SolutionItems) = preProject
		docs\content\index.fsx = docs\content\index.fsx
		docs\content\tutorial.fsx = docs\content\tutorial.fsx
	EndProjectSection
EndProject
Project("{2150E333-8FDC-42A3-9474-1A3956D46DE8}") = "files", "files", "{745EFEBD-8B8D-4B9B-9743-6AC51D586724}"
	ProjectSection(SolutionItems) = preProject
		docs\files\img\fsharp.png = docs\files\img\fsharp.png
		docs\files\img\nessos.png = docs\files\img\nessos.png
	EndProjectSection
EndProject
Project("{2150E333-8FDC-42A3-9474-1A3956D46DE8}") = "tools", "tools", "{33A4833E-3B3D-40FD-8FFE-734E9C510A46}"
	ProjectSection(SolutionItems) = preProject
		docs\tools\generate.fsx = docs\tools\generate.fsx
		docs\tools\templates\template.cshtml = docs\tools\templates\template.cshtml
	EndProjectSection
EndProject
Project("{6EC3EE1D-3C4E-46DD-8F32-0CC8E7565705}") = "Argu.Tests", "tests\Argu.Tests\Argu.Tests.fsproj", "{B94D60AD-2083-4E08-B28F-43122BE14819}"
EndProject
Project("{6EC3EE1D-3C4E-46DD-8F32-0CC8E7565705}") = "Argu.Samples.LS", "samples\Argu.Samples.LS\Argu.Samples.LS.fsproj", "{C7615A27-8D3D-466A-9B0B-D6C068B31CB1}"
EndProject
Project("{2150E333-8FDC-42A3-9474-1A3956D46DE8}") = "samples", "samples", "{AF8469CE-9BA8-4EDD-BFFA-FF67EA8FFD86}"
EndProject
Project("{2150E333-8FDC-42A3-9474-1A3956D46DE8}") = "src", "src", "{6FBA8939-A5FA-4476-9F25-B8CEC181EC21}"
EndProject
Project("{2150E333-8FDC-42A3-9474-1A3956D46DE8}") = "tests", "tests", "{3F10A2DD-E1BA-4A9F-8679-A18144168EFA}"
EndProject
Global
	GlobalSection(SolutionConfigurationPlatforms) = preSolution
		Debug|Any CPU = Debug|Any CPU
		Release|Any CPU = Release|Any CPU
	EndGlobalSection
	GlobalSection(ProjectConfigurationPlatforms) = postSolution
		{49E38CF1-8B37-4A4F-83CF-EAFE9577BCC6}.Debug|Any CPU.ActiveCfg = Debug|Any CPU
		{49E38CF1-8B37-4A4F-83CF-EAFE9577BCC6}.Debug|Any CPU.Build.0 = Debug|Any CPU
		{49E38CF1-8B37-4A4F-83CF-EAFE9577BCC6}.Release|Any CPU.ActiveCfg = Release|Any CPU
		{49E38CF1-8B37-4A4F-83CF-EAFE9577BCC6}.Release|Any CPU.Build.0 = Release|Any CPU
		{B94D60AD-2083-4E08-B28F-43122BE14819}.Debug|Any CPU.ActiveCfg = Debug|Any CPU
		{B94D60AD-2083-4E08-B28F-43122BE14819}.Debug|Any CPU.Build.0 = Debug|Any CPU
		{B94D60AD-2083-4E08-B28F-43122BE14819}.Release|Any CPU.ActiveCfg = Release|Any CPU
		{B94D60AD-2083-4E08-B28F-43122BE14819}.Release|Any CPU.Build.0 = Release|Any CPU
		{C7615A27-8D3D-466A-9B0B-D6C068B31CB1}.Debug|Any CPU.ActiveCfg = Debug|Any CPU
		{C7615A27-8D3D-466A-9B0B-D6C068B31CB1}.Debug|Any CPU.Build.0 = Debug|Any CPU
		{C7615A27-8D3D-466A-9B0B-D6C068B31CB1}.Release|Any CPU.ActiveCfg = Release|Any CPU
		{C7615A27-8D3D-466A-9B0B-D6C068B31CB1}.Release|Any CPU.Build.0 = Release|Any CPU
	EndGlobalSection
	GlobalSection(SolutionProperties) = preSolution
		HideSolutionNode = FALSE
	EndGlobalSection
	GlobalSection(NestedProjects) = preSolution
		{49E38CF1-8B37-4A4F-83CF-EAFE9577BCC6} = {6FBA8939-A5FA-4476-9F25-B8CEC181EC21}
		{036AEA2A-4F01-4834-A345-B7C6D27754FB} = {31C8F489-6FEC-4DE5-A247-8447D56B5C04}
		{745EFEBD-8B8D-4B9B-9743-6AC51D586724} = {31C8F489-6FEC-4DE5-A247-8447D56B5C04}
		{33A4833E-3B3D-40FD-8FFE-734E9C510A46} = {31C8F489-6FEC-4DE5-A247-8447D56B5C04}
		{B94D60AD-2083-4E08-B28F-43122BE14819} = {3F10A2DD-E1BA-4A9F-8679-A18144168EFA}
		{C7615A27-8D3D-466A-9B0B-D6C068B31CB1} = {AF8469CE-9BA8-4EDD-BFFA-FF67EA8FFD86}
	EndGlobalSection
	GlobalSection(ExtensibilityGlobals) = postSolution
		SolutionGuid = {42B6791A-3A2A-4988-967C-14BE8C294990}
	EndGlobalSection
EndGlobal
