Microsoft Visual Studio Solution File, Format Version 12.00
# Visual Studio Version 16
VisualStudioVersion = 16.0.30324.147
MinimumVisualStudioVersion = 10.0.40219.1
Project("{6EC3EE1D-3C4E-46DD-8F32-0CC8E7565705}") = "Argu", "src\Argu\Argu.fsproj", "{7B13281E-1F6F-43D2-A6F9-08CF36C00681}"
EndProject
Project("{6EC3EE1D-3C4E-46DD-8F32-0CC8E7565705}") = "Argu.Samples.LS", "samples\Argu.Samples.LS\Argu.Samples.LS.fsproj", "{ABAA4202-6662-4F84-9622-C485DB1C1325}"
EndProject
Project("{6EC3EE1D-3C4E-46DD-8F32-0CC8E7565705}") = "Argu.Tests", "tests\Argu.Tests\Argu.Tests.fsproj", "{25AAC0C7-1879-4372-845C-53A14FA8E32A}"
EndProject
Project("{2150E333-8FDC-42A3-9474-1A3956D46DE8}") = ".config", ".config", "{90A3B3AC-1053-4B65-8BB4-522CA5AEBE2E}"
	ProjectSection(SolutionItems) = preProject
		.config\dotnet-tools.json = .config\dotnet-tools.json
	EndProjectSection
EndProject
Project("{2150E333-8FDC-42A3-9474-1A3956D46DE8}") = ".github", ".github", "{2D8E9813-7B6B-42E2-8676-9F45075E5FA6}"
	ProjectSection(SolutionItems) = preProject
		.github\ISSUE_TEMPLATE.md = .github\ISSUE_TEMPLATE.md
	EndProjectSection
EndProject
Project("{2150E333-8FDC-42A3-9474-1A3956D46DE8}") = ".paket", ".paket", "{CB5628A0-F04B-4FF4-BF1E-F85F8677F86E}"
	ProjectSection(SolutionItems) = preProject
		.paket\Paket.Restore.targets = .paket\Paket.Restore.targets
	EndProjectSection
EndProject
Project("{2150E333-8FDC-42A3-9474-1A3956D46DE8}") = "Solution Items", "Solution Items", "{C2E8EEB5-55DD-49A1-94EA-C4746C804AFD}"
	ProjectSection(SolutionItems) = preProject
		.dockerignore = .dockerignore
		.gitignore = .gitignore
		.tfignore = .tfignore
		.travis.yml = .travis.yml
		appveyor.yml = appveyor.yml
		build.cmd = build.cmd
		build.fsx = build.fsx
		build.sh = build.sh
		Directory.Build.props = Directory.Build.props
		docker-build.sh = docker-build.sh
		Dockerfile = Dockerfile
		global.json = global.json
		License.md = License.md
		paket.dependencies = paket.dependencies
		paket.lock = paket.lock
		README.md = README.md
		RELEASE_NOTES.md = RELEASE_NOTES.md
	EndProjectSection
EndProject
Project("{2150E333-8FDC-42A3-9474-1A3956D46DE8}") = "docs", "docs", "{5063BA7E-DCB9-48A9-9ADA-BFC79A95194C}"
	ProjectSection(SolutionItems) = preProject
		docs\_template.html = docs\_template.html
		docs\index.fsx = docs\index.fsx
		docs\perf.fsx = docs\perf.fsx
		docs\tutorial.fsx = docs\tutorial.fsx
	EndProjectSection
EndProject
Project("{2150E333-8FDC-42A3-9474-1A3956D46DE8}") = "img", "img", "{0E623042-7E58-4528-B2A0-1D322F8E4D1A}"
	ProjectSection(SolutionItems) = preProject
		docs\img\logo.pdn = docs\img\logo.pdn
		docs\img\logo.png = docs\img\logo.png
	EndProjectSection
EndProject
Project("{2150E333-8FDC-42A3-9474-1A3956D46DE8}") = "resource", "resource", "{D5E730FC-E844-4A70-A1C7-97E515472615}"
	ProjectSection(SolutionItems) = preProject
		resource\logo.png = resource\logo.png
	EndProjectSection
EndProject
Project("{2150E333-8FDC-42A3-9474-1A3956D46DE8}") = "samples", "samples", "{6FCD6F65-A553-4A21-A460-D6243B3FA22E}"
EndProject
Project("{2150E333-8FDC-42A3-9474-1A3956D46DE8}") = "src", "src", "{41238EB5-6497-4CC4-AEED-AF44ED028676}"
EndProject
Project("{2150E333-8FDC-42A3-9474-1A3956D46DE8}") = "tests", "tests", "{034BBCBB-12AA-4852-9CFA-0A8635A7FD05}"
EndProject
Global
	GlobalSection(SolutionConfigurationPlatforms) = preSolution
		Debug|Any CPU = Debug|Any CPU
		Release|Any CPU = Release|Any CPU
	EndGlobalSection
	GlobalSection(ProjectConfigurationPlatforms) = postSolution
		{7B13281E-1F6F-43D2-A6F9-08CF36C00681}.Debug|Any CPU.ActiveCfg = Debug|Any CPU
		{7B13281E-1F6F-43D2-A6F9-08CF36C00681}.Debug|Any CPU.Build.0 = Debug|Any CPU
		{7B13281E-1F6F-43D2-A6F9-08CF36C00681}.Release|Any CPU.ActiveCfg = Release|Any CPU
		{7B13281E-1F6F-43D2-A6F9-08CF36C00681}.Release|Any CPU.Build.0 = Release|Any CPU
		{ABAA4202-6662-4F84-9622-C485DB1C1325}.Debug|Any CPU.ActiveCfg = Debug|Any CPU
		{ABAA4202-6662-4F84-9622-C485DB1C1325}.Debug|Any CPU.Build.0 = Debug|Any CPU
		{ABAA4202-6662-4F84-9622-C485DB1C1325}.Release|Any CPU.ActiveCfg = Release|Any CPU
		{ABAA4202-6662-4F84-9622-C485DB1C1325}.Release|Any CPU.Build.0 = Release|Any CPU
		{25AAC0C7-1879-4372-845C-53A14FA8E32A}.Debug|Any CPU.ActiveCfg = Debug|Any CPU
		{25AAC0C7-1879-4372-845C-53A14FA8E32A}.Debug|Any CPU.Build.0 = Debug|Any CPU
		{25AAC0C7-1879-4372-845C-53A14FA8E32A}.Release|Any CPU.ActiveCfg = Release|Any CPU
		{25AAC0C7-1879-4372-845C-53A14FA8E32A}.Release|Any CPU.Build.0 = Release|Any CPU
	EndGlobalSection
	GlobalSection(SolutionProperties) = preSolution
		HideSolutionNode = FALSE
	EndGlobalSection
	GlobalSection(NestedProjects) = preSolution
		{7B13281E-1F6F-43D2-A6F9-08CF36C00681} = {41238EB5-6497-4CC4-AEED-AF44ED028676}
		{ABAA4202-6662-4F84-9622-C485DB1C1325} = {6FCD6F65-A553-4A21-A460-D6243B3FA22E}
		{25AAC0C7-1879-4372-845C-53A14FA8E32A} = {034BBCBB-12AA-4852-9CFA-0A8635A7FD05}
		{0E623042-7E58-4528-B2A0-1D322F8E4D1A} = {5063BA7E-DCB9-48A9-9ADA-BFC79A95194C}
	EndGlobalSection
	GlobalSection(ExtensibilityGlobals) = postSolution
		SolutionGuid = {787017CA-EBA8-4AF2-8D93-5171CC495A64}
	EndGlobalSection
EndGlobal
