NUGET
  remote: https://www.nuget.org/api/v2
    FsCheck (2.5)
      FSharp.Core (>= 3.1.2.5)
    FSharp.Core (4.0.0.1)
    FsUnit.xUnit (1.4.1)
      FSharp.Core (>= 3.1.2.5)
      xunit (2.1)
    System.Collections (4.0.10) - framework: dnxcore50
      System.Diagnostics.Debug (>= 4.0) - framework: dnxcore50
      System.Resources.ResourceManager (>= 4.0) - framework: dnxcore50
      System.Runtime (>= 4.0) - framework: dnxcore50
      System.Runtime (>= 4.0.20) - framework: dnxcore50
      System.Runtime.Extensions (>= 4.0) - framework: dnxcore50
      System.Threading (>= 4.0) - framework: dnxcore50
    System.Diagnostics.Contracts (4.0) - framework: dnxcore50
      System.Runtime (>= 4.0) - framework: dnxcore50
    System.Diagnostics.Debug (4.0.10) - framework: dnxcore50
      System.Runtime (>= 4.0) - framework: dnxcore50
    System.Globalization (4.0.10) - framework: dnxcore50
      System.Runtime (>= 4.0) - framework: dnxcore50
    System.IO (4.0.10) - framework: dnxcore50
      System.Globalization (>= 4.0) - framework: dnxcore50
      System.Runtime (>= 4.0.20) - framework: dnxcore50
      System.Text.Encoding (>= 4.0) - framework: dnxcore50
      System.Text.Encoding (>= 4.0.10) - framework: dnxcore50
      System.Text.Encoding.Extensions (>= 4.0) - framework: dnxcore50
      System.Threading (>= 4.0) - framework: dnxcore50
      System.Threading.Tasks (>= 4.0) - framework: dnxcore50
    System.Linq (4.0) - framework: dnxcore50
      System.Collections (>= 4.0.10) - framework: dnxcore50
      System.Diagnostics.Debug (>= 4.0.10) - framework: dnxcore50
      System.Resources.ResourceManager (>= 4.0) - framework: dnxcore50
      System.Runtime (>= 4.0.20) - framework: dnxcore50
      System.Runtime.Extensions (>= 4.0.10) - framework: dnxcore50
    System.Linq.Expressions (4.0.10) - framework: dnxcore50
      System.Collections (>= 4.0) - framework: dnxcore50
      System.Diagnostics.Debug (>= 4.0) - framework: dnxcore50
      System.Globalization (>= 4.0) - framework: dnxcore50
      System.IO (>= 4.0) - framework: dnxcore50
      System.Linq (>= 4.0) - framework: dnxcore50
      System.ObjectModel (>= 4.0) - framework: dnxcore50
      System.Reflection (>= 4.0) - framework: dnxcore50
      System.Reflection.Emit (>= 4.0) - framework: dnxcore50
      System.Reflection.Extensions (>= 4.0) - framework: dnxcore50
      System.Reflection.Primitives (>= 4.0) - framework: dnxcore50
      System.Reflection.TypeExtensions (>= 4.0) - framework: dnxcore50
      System.Resources.ResourceManager (>= 4.0) - framework: dnxcore50
      System.Runtime (>= 4.0) - framework: dnxcore50
      System.Runtime (>= 4.0.20) - framework: dnxcore50
      System.Runtime.Extensions (>= 4.0) - framework: dnxcore50
      System.Threading (>= 4.0) - framework: dnxcore50
    System.ObjectModel (4.0.10) - framework: dnxcore50
      System.Collections (>= 4.0.10) - framework: dnxcore50
      System.Diagnostics.Debug (>= 4.0.10) - framework: dnxcore50
      System.Resources.ResourceManager (>= 4.0) - framework: dnxcore50
      System.Runtime (>= 4.0.20) - framework: dnxcore50
      System.Threading (>= 4.0.10) - framework: dnxcore50
    System.Private.Uri (4.0) - framework: dnxcore50
    System.Reflection (4.0.10) - framework: dnxcore50
      System.IO (>= 4.0) - framework: dnxcore50
      System.Reflection.Primitives (>= 4.0) - framework: dnxcore50
      System.Runtime (>= 4.0.20) - framework: dnxcore50
    System.Reflection.Emit (4.0) - framework: dnxcore50
      System.IO (>= 4.0) - framework: dnxcore50
      System.Reflection (>= 4.0) - framework: dnxcore50
      System.Reflection.Emit.ILGeneration (>= 4.0) - framework: dnxcore50
      System.Reflection.Primitives (>= 4.0) - framework: dnxcore50
      System.Runtime (>= 4.0) - framework: dnxcore50
    System.Reflection.Emit.ILGeneration (4.0) - framework: dnxcore50
      System.Reflection (>= 4.0) - framework: dnxcore50
      System.Reflection.Primitives (>= 4.0) - framework: dnxcore50
      System.Runtime (>= 4.0) - framework: dnxcore50
    System.Reflection.Extensions (4.0) - framework: dnxcore50
      System.Diagnostics.Debug (>= 4.0.10) - framework: dnxcore50
      System.Reflection (>= 4.0) - framework: dnxcore50
      System.Reflection (>= 4.0.10) - framework: dnxcore50
      System.Reflection.Primitives (>= 4.0) - framework: dnxcore50
      System.Reflection.TypeExtensions (>= 4.0) - framework: dnxcore50
      System.Resources.ResourceManager (>= 4.0) - framework: dnxcore50
      System.Runtime (>= 4.0) - framework: dnxcore50
      System.Runtime (>= 4.0.20) - framework: dnxcore50
      System.Runtime.Extensions (>= 4.0.10) - framework: dnxcore50
    System.Reflection.Primitives (4.0) - framework: dnxcore50
      System.Runtime (>= 4.0) - framework: dnxcore50
      System.Threading (>= 4.0) - framework: dnxcore50
    System.Reflection.TypeExtensions (4.0) - framework: dnxcore50
      System.Diagnostics.Contracts (>= 4.0) - framework: dnxcore50
      System.Diagnostics.Debug (>= 4.0.10) - framework: dnxcore50
      System.Linq (>= 4.0) - framework: dnxcore50
      System.Reflection (>= 4.0) - framework: dnxcore50
      System.Reflection (>= 4.0.10) - framework: dnxcore50
      System.Reflection.Primitives (>= 4.0) - framework: dnxcore50
      System.Resources.ResourceManager (>= 4.0) - framework: dnxcore50
      System.Runtime (>= 4.0) - framework: dnxcore50
      System.Runtime (>= 4.0.20) - framework: dnxcore50
      System.Runtime.Extensions (>= 4.0.10) - framework: dnxcore50
    System.Resources.ResourceManager (4.0) - framework: dnxcore50
      System.Globalization (>= 4.0) - framework: dnxcore50
      System.Reflection (>= 4.0) - framework: dnxcore50
      System.Reflection (>= 4.0.10) - framework: dnxcore50
      System.Runtime (>= 4.0) - framework: dnxcore50
      System.Runtime (>= 4.0.20) - framework: dnxcore50
    System.Runtime (4.0.20) - framework: dnxcore50
      System.Private.Uri (>= 4.0) - framework: dnxcore50
    System.Runtime.Extensions (4.0.10) - framework: dnxcore50
      System.Runtime (>= 4.0.20) - framework: dnxcore50
    System.Text.Encoding (4.0.10) - framework: dnxcore50
      System.Runtime (>= 4.0) - framework: dnxcore50
    System.Text.Encoding.Extensions (4.0.10) - framework: dnxcore50
      System.Runtime (>= 4.0) - framework: dnxcore50
      System.Text.Encoding (>= 4.0.10) - framework: dnxcore50
    System.Text.RegularExpressions (4.0.10) - framework: dnxcore50
      System.Collections (>= 4.0.10) - framework: dnxcore50
      System.Globalization (>= 4.0.10) - framework: dnxcore50
      System.Resources.ResourceManager (>= 4.0) - framework: dnxcore50
      System.Runtime (>= 4.0.20) - framework: dnxcore50
      System.Runtime.Extensions (>= 4.0.10) - framework: dnxcore50
      System.Threading (>= 4.0.10) - framework: dnxcore50
    System.Threading (4.0.10) - framework: dnxcore50
      System.Runtime (>= 4.0) - framework: dnxcore50
      System.Threading.Tasks (>= 4.0) - framework: dnxcore50
    System.Threading.Tasks (4.0.10) - framework: dnxcore50
      System.Runtime (>= 4.0) - framework: dnxcore50
    xunit (2.1)
      xunit.assert (2.1)
      xunit.core (2.1)
    xunit.abstractions (2.0) - framework: >= net45, dnx451, dnxcore50, monoandroid, monotouch, portable-net45+win80+wp80+wpa81, xamarinios, winv4.5, wpv8.0, wpav8.1
    xunit.assert (2.1)
      System.Collections (>= 4.0) - framework: dnxcore50
      System.Diagnostics.Debug (>= 4.0) - framework: dnxcore50
      System.Globalization (>= 4.0) - framework: dnxcore50
      System.Linq (>= 4.0) - framework: dnxcore50
      System.ObjectModel (>= 4.0) - framework: dnxcore50
      System.Reflection (>= 4.0) - framework: dnxcore50
      System.Reflection.Extensions (>= 4.0) - framework: dnxcore50
      System.Runtime (>= 4.0) - framework: dnxcore50
      System.Runtime.Extensions (>= 4.0) - framework: dnxcore50
      System.Text.RegularExpressions (>= 4.0) - framework: dnxcore50
      System.Threading.Tasks (>= 4.0) - framework: dnxcore50
    xunit.core (2.1)
      System.Collections (>= 4.0) - framework: dnxcore50
      System.Diagnostics.Debug (>= 4.0) - framework: dnxcore50
      System.Globalization (>= 4.0) - framework: dnxcore50
      System.Linq (>= 4.0) - framework: dnxcore50
      System.Reflection (>= 4.0) - framework: dnxcore50
      System.Reflection.Extensions (>= 4.0) - framework: dnxcore50
      System.Runtime (>= 4.0) - framework: dnxcore50
      System.Runtime.Extensions (>= 4.0) - framework: dnxcore50
      System.Threading.Tasks (>= 4.0) - framework: dnxcore50
      xunit.abstractions (>= 2.0) - framework: dnxcore50
      xunit.extensibility.core (2.1) - framework: >= net45, dnx451, dnxcore50, monoandroid, monotouch, portable-net45+win80+wp80+wpa81, xamarinios, winv4.5, wpv8.0, wpav8.1
      xunit.extensibility.execution (2.1) - framework: >= net45, dnx451, dnxcore50, monoandroid, monotouch, portable-net45+win80+wp80+wpa81, xamarinios, winv4.5, wpv8.0, wpav8.1
    xunit.extensibility.core (2.1) - framework: >= net45, dnx451, dnxcore50, monoandroid, monotouch, portable-net45+win80+wp80+wpa81, xamarinios, winv4.5, wpv8.0, wpav8.1
      xunit.abstractions (2.0)
    xunit.extensibility.execution (2.1) - framework: >= net45, dnx451, dnxcore50, monoandroid, monotouch, portable-net45+win80+wp80+wpa81, xamarinios, winv4.5, wpv8.0, wpav8.1
      System.Collections (>= 4.0) - framework: dnxcore50
      System.Diagnostics.Debug (>= 4.0) - framework: dnxcore50
      System.Globalization (>= 4.0) - framework: dnxcore50
      System.IO (>= 4.0) - framework: dnxcore50
      System.Linq (>= 4.0) - framework: dnxcore50
      System.Linq.Expressions (>= 4.0) - framework: dnxcore50
      System.Reflection (>= 4.0) - framework: dnxcore50
      System.Reflection.Extensions (>= 4.0) - framework: dnxcore50
      System.Runtime (>= 4.0) - framework: dnxcore50
      System.Runtime.Extensions (>= 4.0) - framework: dnxcore50
      System.Text.Encoding (>= 4.0) - framework: dnxcore50
      System.Threading (>= 4.0) - framework: dnxcore50
      System.Threading.Tasks (>= 4.0) - framework: dnxcore50
      xunit.abstractions (>= 2.0) - framework: dnxcore50
      xunit.extensibility.core (2.1) - framework: >= net45, dnx451, dnxcore50, monoandroid, monotouch, xamarinios, winv4.5, wpv8.0, wpav8.1
    xunit.extensions (1.9.0.1566)
      xunit (>= 1.9.0.1566)
    xunit.runner.console (2.1)
    xunit.runner.visualstudio (2.1.0) - version_in_path: true

GROUP Build
NUGET
  remote: https://www.nuget.org/api/v2
    FAKE (4.29.2)
    FSharp.Compiler.Service (2.0.0.6)
    FSharp.Formatting (2.14.4)
      FSharp.Compiler.Service (2.0.0.6)
      FSharpVSPowerTools.Core (>= 2.3 < 2.4)
    FSharpVSPowerTools.Core (2.3)
      FSharp.Compiler.Service (>= 2.0.0.3)
    Microsoft.Bcl (1.1.10) - framework: net10, net11, net20, net30, net35, net40, net40-full
      Microsoft.Bcl.Build (>= 1.0.14)
    Microsoft.Bcl.Build (1.0.21) - import_targets: false, framework: net10, net11, net20, net30, net35, net40, net40-full
    Microsoft.Net.Http (2.2.29) - framework: net10, net11, net20, net30, net35, net40, net40-full
      Microsoft.Bcl (>= 1.1.10)
      Microsoft.Bcl.Build (>= 1.0.14)
    NuGet.CommandLine (3.4.3)
    Octokit (0.20)
      Microsoft.Net.Http  - framework: net10, net11, net20, net30, net35, net40, net40-full
GITHUB
  remote: fsharp/FAKE
    modules/Octokit/Octokit.fsx (c063bf415dac7f7d4df4c37fe76badce76cae3c3)
      Octokit