
Microsoft Visual Studio Solution File, Format Version 12.00
# Visual Studio 2013
VisualStudioVersion = 12.0.30110.0
MinimumVisualStudioVersion = 10.0.40219.1
Project("{F2A71F9B-5D33-465A-A702-920D77279786}") = "UnionArgParser", "src\UnionArgParser\UnionArgParser.fsproj", "{49E38CF1-8B37-4A4F-83CF-EAFE9577BCC6}"
EndProject
Project("{F2A71F9B-5D33-465A-A702-920D77279786}") = "UnionArgParser.Tests", "tests\UnionArgParser.Tests\UnionArgParser.Tests.fsproj", "{13BB06E0-3036-42A8-A0E1-93401AEB0DEE}"
EndProject
Project("{2150E333-8FDC-42A3-9474-1A3956D46DE8}") = ".nuget", ".nuget", "{B4EF55F9-E354-4431-9718-0889B7590D09}"
	ProjectSection(SolutionItems) = preProject
		.nuget\NuGet.Config = .nuget\NuGet.Config
		.nuget\NuGet.exe = .nuget\NuGet.exe
		.nuget\NuGet.targets = .nuget\NuGet.targets
		.nuget\packages.config = .nuget\packages.config
	EndProjectSection
EndProject
Project("{2150E333-8FDC-42A3-9474-1A3956D46DE8}") = "project", "project", "{AB909722-1B3F-46A1-9245-277905B1E346}"
	ProjectSection(SolutionItems) = preProject
		.travis.yml = .travis.yml
		appveyor.yml = appveyor.yml
		build.cmd = build.cmd
		build.fsx = build.fsx
		build.sh = build.sh
		RELEASE_NOTES.md = RELEASE_NOTES.md
		syncnet35.fsx = syncnet35.fsx
		nuget\UnionArgParser.nuspec = nuget\UnionArgParser.nuspec
	EndProjectSection
EndProject
Project("{F2A71F9B-5D33-465A-A702-920D77279786}") = "UnionArgParser.Net35", "src\UnionArgParser\UnionArgParser.Net35.fsproj", "{434903CF-2FAA-4AC3-9916-FD24C40DCB39}"
EndProject
Global
	GlobalSection(SolutionConfigurationPlatforms) = preSolution
		Debug|Any CPU = Debug|Any CPU
		Release|Any CPU = Release|Any CPU
	EndGlobalSection
	GlobalSection(ProjectConfigurationPlatforms) = postSolution
		{49E38CF1-8B37-4A4F-83CF-EAFE9577BCC6}.Debug|Any CPU.ActiveCfg = Debug|Any CPU
		{49E38CF1-8B37-4A4F-83CF-EAFE9577BCC6}.Debug|Any CPU.Build.0 = Debug|Any CPU
		{49E38CF1-8B37-4A4F-83CF-EAFE9577BCC6}.Release|Any CPU.ActiveCfg = Release|Any CPU
		{49E38CF1-8B37-4A4F-83CF-EAFE9577BCC6}.Release|Any CPU.Build.0 = Release|Any CPU
		{13BB06E0-3036-42A8-A0E1-93401AEB0DEE}.Debug|Any CPU.ActiveCfg = Debug|Any CPU
		{13BB06E0-3036-42A8-A0E1-93401AEB0DEE}.Debug|Any CPU.Build.0 = Debug|Any CPU
		{13BB06E0-3036-42A8-A0E1-93401AEB0DEE}.Release|Any CPU.ActiveCfg = Release|Any CPU
		{13BB06E0-3036-42A8-A0E1-93401AEB0DEE}.Release|Any CPU.Build.0 = Release|Any CPU
		{434903CF-2FAA-4AC3-9916-FD24C40DCB39}.Debug|Any CPU.ActiveCfg = Debug|Any CPU
		{434903CF-2FAA-4AC3-9916-FD24C40DCB39}.Debug|Any CPU.Build.0 = Debug|Any CPU
		{434903CF-2FAA-4AC3-9916-FD24C40DCB39}.Release|Any CPU.ActiveCfg = Release|Any CPU
		{434903CF-2FAA-4AC3-9916-FD24C40DCB39}.Release|Any CPU.Build.0 = Release|Any CPU
	EndGlobalSection
	GlobalSection(SolutionProperties) = preSolution
		HideSolutionNode = FALSE
	EndGlobalSection
EndGlobal
