Microsoft Visual Studio Solution File, Format Version 12.00
# Visual Studio 2013
VisualStudioVersion = 12.0.31101.0
MinimumVisualStudioVersion = 10.0.40219.1
Project("{2150E333-8FDC-42A3-9474-1A3956D46DE8}") = "paket", "paket", "{FB06D972-6D76-4220-AD16-8E5F20DADAA6}"
	ProjectSection(SolutionItems) = preProject
		.paket\paket.bootstrapper.exe = .paket\paket.bootstrapper.exe
		paket.dependencies = paket.dependencies
		.paket\paket.exe = .paket\paket.exe
		paket.lock = paket.lock
		.paket\paket.targets = .paket\paket.targets
	EndProjectSection
EndProject
Project("{F2A71F9B-5D33-465A-A702-920D77279786}") = "UnionArgParser", "src\UnionArgParser\UnionArgParser.fsproj", "{49E38CF1-8B37-4A4F-83CF-EAFE9577BCC6}"
EndProject
Project("{F2A71F9B-5D33-465A-A702-920D77279786}") = "UnionArgParser.Tests", "tests\UnionArgParser.Tests\UnionArgParser.Tests.fsproj", "{13BB06E0-3036-42A8-A0E1-93401AEB0DEE}"
EndProject
Project("{2150E333-8FDC-42A3-9474-1A3956D46DE8}") = "project", "project", "{AB909722-1B3F-46A1-9245-277905B1E346}"
	ProjectSection(SolutionItems) = preProject
		.travis.yml = .travis.yml
		appveyor.yml = appveyor.yml
		build.cmd = build.cmd
		build.fsx = build.fsx
		build.sh = build.sh
		License.md = License.md
		README.md = README.md
		RELEASE_NOTES.md = RELEASE_NOTES.md
		nuget\UnionArgParser.nuspec = nuget\UnionArgParser.nuspec
	EndProjectSection
EndProject
Project("{2150E333-8FDC-42A3-9474-1A3956D46DE8}") = "docs", "docs", "{31C8F489-6FEC-4DE5-A247-8447D56B5C04}"
EndProject
Project("{2150E333-8FDC-42A3-9474-1A3956D46DE8}") = "content", "content", "{036AEA2A-4F01-4834-A345-B7C6D27754FB}"
	ProjectSection(SolutionItems) = preProject
		docs\content\index.fsx = docs\content\index.fsx
		docs\content\tutorial.fsx = docs\content\tutorial.fsx
	EndProjectSection
EndProject
Project("{2150E333-8FDC-42A3-9474-1A3956D46DE8}") = "files", "files", "{745EFEBD-8B8D-4B9B-9743-6AC51D586724}"
	ProjectSection(SolutionItems) = preProject
		docs\files\img\fsharp.png = docs\files\img\fsharp.png
		docs\files\img\nessos.png = docs\files\img\nessos.png
	EndProjectSection
EndProject
Project("{2150E333-8FDC-42A3-9474-1A3956D46DE8}") = "tools", "tools", "{33A4833E-3B3D-40FD-8FFE-734E9C510A46}"
	ProjectSection(SolutionItems) = preProject
		docs\tools\generate.fsx = docs\tools\generate.fsx
		docs\tools\templates\template.cshtml = docs\tools\templates\template.cshtml
	EndProjectSection
EndProject
Global
	GlobalSection(SolutionConfigurationPlatforms) = preSolution
		Debug|Any CPU = Debug|Any CPU
		Release|Any CPU = Release|Any CPU
		Release-NET35|Any CPU = Release-NET35|Any CPU
	EndGlobalSection
	GlobalSection(ProjectConfigurationPlatforms) = postSolution
		{49E38CF1-8B37-4A4F-83CF-EAFE9577BCC6}.Debug|Any CPU.ActiveCfg = Debug|Any CPU
		{49E38CF1-8B37-4A4F-83CF-EAFE9577BCC6}.Debug|Any CPU.Build.0 = Debug|Any CPU
		{49E38CF1-8B37-4A4F-83CF-EAFE9577BCC6}.Release|Any CPU.ActiveCfg = Release|Any CPU
		{49E38CF1-8B37-4A4F-83CF-EAFE9577BCC6}.Release|Any CPU.Build.0 = Release|Any CPU
		{49E38CF1-8B37-4A4F-83CF-EAFE9577BCC6}.Release-NET35|Any CPU.ActiveCfg = Release-NET35|Any CPU
		{49E38CF1-8B37-4A4F-83CF-EAFE9577BCC6}.Release-NET35|Any CPU.Build.0 = Release-NET35|Any CPU
		{13BB06E0-3036-42A8-A0E1-93401AEB0DEE}.Debug|Any CPU.ActiveCfg = Debug|Any CPU
		{13BB06E0-3036-42A8-A0E1-93401AEB0DEE}.Debug|Any CPU.Build.0 = Debug|Any CPU
		{13BB06E0-3036-42A8-A0E1-93401AEB0DEE}.Release|Any CPU.ActiveCfg = Release|Any CPU
		{13BB06E0-3036-42A8-A0E1-93401AEB0DEE}.Release|Any CPU.Build.0 = Release|Any CPU
		{13BB06E0-3036-42A8-A0E1-93401AEB0DEE}.Release-NET35|Any CPU.ActiveCfg = Release|Any CPU
	EndGlobalSection
	GlobalSection(SolutionProperties) = preSolution
		HideSolutionNode = FALSE
	EndGlobalSection
	GlobalSection(NestedProjects) = preSolution
		{FB06D972-6D76-4220-AD16-8E5F20DADAA6} = {AB909722-1B3F-46A1-9245-277905B1E346}
		{036AEA2A-4F01-4834-A345-B7C6D27754FB} = {31C8F489-6FEC-4DE5-A247-8447D56B5C04}
		{745EFEBD-8B8D-4B9B-9743-6AC51D586724} = {31C8F489-6FEC-4DE5-A247-8447D56B5C04}
		{33A4833E-3B3D-40FD-8FFE-734E9C510A46} = {31C8F489-6FEC-4DE5-A247-8447D56B5C04}
	EndGlobalSection
EndGlobal
